
Microsoft Visual Studio Solution File, Format Version 12.00
# Visual Studio Version 16
VisualStudioVersion = 16.0.29709.97
MinimumVisualStudioVersion = 10.0.40219.1
Project("{2150E333-8FDC-42A3-9474-1A3956D46DE8}") = "src", "src", "{96774C48-FC50-45E4-B419-6A2382F940EF}"
EndProject
Project("{2150E333-8FDC-42A3-9474-1A3956D46DE8}") = "MapAdapter", "MapAdapter", "{41A87E0F-A7D8-4F4F-A559-5406586574F7}"
EndProject
Project("{9A19103F-16F7-4668-BE54-9A1E7A4F7556}") = "War3App.MapAdapter", "src\War3App.MapAdapter\War3App.MapAdapter.csproj", "{EFAD061B-132C-477B-A222-A7EDEEF61A7A}"
EndProject
Project("{9A19103F-16F7-4668-BE54-9A1E7A4F7556}") = "War3App.MapAdapter.Console", "src\War3App.MapAdapter.Console\War3App.MapAdapter.Console.csproj", "{F3386E41-ED5E-44DD-8465-287D1CB0FEE7}"
EndProject
Project("{9A19103F-16F7-4668-BE54-9A1E7A4F7556}") = "War3App.MapAdapter.WinForms", "src\War3App.MapAdapter.WinForms\War3App.MapAdapter.WinForms.csproj", "{4A88DB9E-7B7C-4B12-A264-EDE4FFE8289E}"
EndProject
Project("{2150E333-8FDC-42A3-9474-1A3956D46DE8}") = "MapTranspiler", "MapTranspiler", "{DC59B7BE-2054-45FD-A7F1-795D22211429}"
EndProject
Project("{9A19103F-16F7-4668-BE54-9A1E7A4F7556}") = "War3App.MapTranspiler", "src\War3App.MapTranspiler\War3App.MapTranspiler.csproj", "{9F0C6A03-3B68-4DE5-94F5-A2B9C70C45FB}"
EndProject
Project("{9A19103F-16F7-4668-BE54-9A1E7A4F7556}") = "War3App.MapTranspiler.WinForms", "src\War3App.MapTranspiler.WinForms\War3App.MapTranspiler.WinForms.csproj", "{D63112FF-FB8E-447A-B3F2-9DFAB6E39A89}"
EndProject
Project("{9A19103F-16F7-4668-BE54-9A1E7A4F7556}") = "War3App.Common.WinForms", "src\War3App.Common.WinForms\War3App.Common.WinForms.csproj", "{19B86E1E-C4A2-4615-9215-61442E3517D1}"
EndProject
Project("{2150E333-8FDC-42A3-9474-1A3956D46DE8}") = "MapGallery", "MapGallery", "{E7D11EB8-98CA-4BD4-BB6D-30D5611D08C8}"
EndProject
Project("{9A19103F-16F7-4668-BE54-9A1E7A4F7556}") = "War3App.MapGallery", "src\War3App.MapGallery\War3App.MapGallery.csproj", "{B3CFE4AF-4F5B-4230-95DB-6971A4D562D4}"
EndProject
Project("{9A19103F-16F7-4668-BE54-9A1E7A4F7556}") = "War3App.MapGallery.WinForms", "src\War3App.MapGallery.WinForms\War3App.MapGallery.WinForms.csproj", "{70D94564-B3C6-4233-ADCF-A3CC9D267BE9}"
EndProject
Global
	GlobalSection(SolutionConfigurationPlatforms) = preSolution
		Debug|Any CPU = Debug|Any CPU
		Release|Any CPU = Release|Any CPU
	EndGlobalSection
	GlobalSection(ProjectConfigurationPlatforms) = postSolution
		{EFAD061B-132C-477B-A222-A7EDEEF61A7A}.Debug|Any CPU.ActiveCfg = Debug|Any CPU
		{EFAD061B-132C-477B-A222-A7EDEEF61A7A}.Debug|Any CPU.Build.0 = Debug|Any CPU
		{EFAD061B-132C-477B-A222-A7EDEEF61A7A}.Release|Any CPU.ActiveCfg = Release|Any CPU
		{EFAD061B-132C-477B-A222-A7EDEEF61A7A}.Release|Any CPU.Build.0 = Release|Any CPU
		{F3386E41-ED5E-44DD-8465-287D1CB0FEE7}.Debug|Any CPU.ActiveCfg = Debug|Any CPU
		{F3386E41-ED5E-44DD-8465-287D1CB0FEE7}.Debug|Any CPU.Build.0 = Debug|Any CPU
		{F3386E41-ED5E-44DD-8465-287D1CB0FEE7}.Release|Any CPU.ActiveCfg = Release|Any CPU
		{F3386E41-ED5E-44DD-8465-287D1CB0FEE7}.Release|Any CPU.Build.0 = Release|Any CPU
		{4A88DB9E-7B7C-4B12-A264-EDE4FFE8289E}.Debug|Any CPU.ActiveCfg = Debug|Any CPU
		{4A88DB9E-7B7C-4B12-A264-EDE4FFE8289E}.Debug|Any CPU.Build.0 = Debug|Any CPU
		{4A88DB9E-7B7C-4B12-A264-EDE4FFE8289E}.Release|Any CPU.ActiveCfg = Release|Any CPU
		{4A88DB9E-7B7C-4B12-A264-EDE4FFE8289E}.Release|Any CPU.Build.0 = Release|Any CPU
		{9F0C6A03-3B68-4DE5-94F5-A2B9C70C45FB}.Debug|Any CPU.ActiveCfg = Debug|Any CPU
		{9F0C6A03-3B68-4DE5-94F5-A2B9C70C45FB}.Debug|Any CPU.Build.0 = Debug|Any CPU
		{9F0C6A03-3B68-4DE5-94F5-A2B9C70C45FB}.Release|Any CPU.ActiveCfg = Release|Any CPU
		{9F0C6A03-3B68-4DE5-94F5-A2B9C70C45FB}.Release|Any CPU.Build.0 = Release|Any CPU
		{D63112FF-FB8E-447A-B3F2-9DFAB6E39A89}.Debug|Any CPU.ActiveCfg = Debug|Any CPU
		{D63112FF-FB8E-447A-B3F2-9DFAB6E39A89}.Debug|Any CPU.Build.0 = Debug|Any CPU
		{D63112FF-FB8E-447A-B3F2-9DFAB6E39A89}.Release|Any CPU.ActiveCfg = Release|Any CPU
		{D63112FF-FB8E-447A-B3F2-9DFAB6E39A89}.Release|Any CPU.Build.0 = Release|Any CPU
		{19B86E1E-C4A2-4615-9215-61442E3517D1}.Debug|Any CPU.ActiveCfg = Debug|Any CPU
		{19B86E1E-C4A2-4615-9215-61442E3517D1}.Debug|Any CPU.Build.0 = Debug|Any CPU
		{19B86E1E-C4A2-4615-9215-61442E3517D1}.Release|Any CPU.ActiveCfg = Release|Any CPU
		{19B86E1E-C4A2-4615-9215-61442E3517D1}.Release|Any CPU.Build.0 = Release|Any CPU
		{B3CFE4AF-4F5B-4230-95DB-6971A4D562D4}.Debug|Any CPU.ActiveCfg = Debug|Any CPU
		{B3CFE4AF-4F5B-4230-95DB-6971A4D562D4}.Debug|Any CPU.Build.0 = Debug|Any CPU
		{B3CFE4AF-4F5B-4230-95DB-6971A4D562D4}.Release|Any CPU.ActiveCfg = Release|Any CPU
		{B3CFE4AF-4F5B-4230-95DB-6971A4D562D4}.Release|Any CPU.Build.0 = Release|Any CPU
		{70D94564-B3C6-4233-ADCF-A3CC9D267BE9}.Debug|Any CPU.ActiveCfg = Debug|Any CPU
		{70D94564-B3C6-4233-ADCF-A3CC9D267BE9}.Debug|Any CPU.Build.0 = Debug|Any CPU
		{70D94564-B3C6-4233-ADCF-A3CC9D267BE9}.Release|Any CPU.ActiveCfg = Release|Any CPU
		{70D94564-B3C6-4233-ADCF-A3CC9D267BE9}.Release|Any CPU.Build.0 = Release|Any CPU
	EndGlobalSection
	GlobalSection(SolutionProperties) = preSolution
		HideSolutionNode = FALSE
	EndGlobalSection
	GlobalSection(NestedProjects) = preSolution
		{41A87E0F-A7D8-4F4F-A559-5406586574F7} = {96774C48-FC50-45E4-B419-6A2382F940EF}
		{EFAD061B-132C-477B-A222-A7EDEEF61A7A} = {41A87E0F-A7D8-4F4F-A559-5406586574F7}
		{F3386E41-ED5E-44DD-8465-287D1CB0FEE7} = {41A87E0F-A7D8-4F4F-A559-5406586574F7}
		{4A88DB9E-7B7C-4B12-A264-EDE4FFE8289E} = {41A87E0F-A7D8-4F4F-A559-5406586574F7}
		{DC59B7BE-2054-45FD-A7F1-795D22211429} = {96774C48-FC50-45E4-B419-6A2382F940EF}
		{9F0C6A03-3B68-4DE5-94F5-A2B9C70C45FB} = {DC59B7BE-2054-45FD-A7F1-795D22211429}
		{D63112FF-FB8E-447A-B3F2-9DFAB6E39A89} = {DC59B7BE-2054-45FD-A7F1-795D22211429}
		{19B86E1E-C4A2-4615-9215-61442E3517D1} = {96774C48-FC50-45E4-B419-6A2382F940EF}
		{E7D11EB8-98CA-4BD4-BB6D-30D5611D08C8} = {96774C48-FC50-45E4-B419-6A2382F940EF}
		{B3CFE4AF-4F5B-4230-95DB-6971A4D562D4} = {E7D11EB8-98CA-4BD4-BB6D-30D5611D08C8}
		{70D94564-B3C6-4233-ADCF-A3CC9D267BE9} = {E7D11EB8-98CA-4BD4-BB6D-30D5611D08C8}
	EndGlobalSection
	GlobalSection(ExtensibilityGlobals) = postSolution
		SolutionGuid = {9EEE801A-3BA0-46DE-B730-57E35B16BF4D}
	EndGlobalSection
EndGlobal
